
Microsoft Visual Studio Solution File, Format Version 12.00
# Visual Studio 14
VisualStudioVersion = 14.0.24720.0
MinimumVisualStudioVersion = 10.0.40219.1
Project("{FAE04EC0-301F-11D3-BF4B-00C04F79EFBC}") = "1.Factory_Method", "1.Factory_Method\1.Factory_Method.csproj", "{E0D930A4-1C83-42EB-AE86-CA1449E83318}"
EndProject
Project("{FAE04EC0-301F-11D3-BF4B-00C04F79EFBC}") = "2.Abstract_Factory", "2.Abstract_Factory\2.Abstract_Factory.csproj", "{A25E8E0A-032A-46A0-929A-BD06BBDF5385}"
EndProject
Project("{FAE04EC0-301F-11D3-BF4B-00C04F79EFBC}") = "3.Builder", "3.Builder\3.Builder.csproj", "{A80CEB0F-048E-4AF7-BB51-7A62633EFE55}"
EndProject
Project("{FAE04EC0-301F-11D3-BF4B-00C04F79EFBC}") = "4.Prototype", "4.Prototype\4.Prototype.csproj", "{BD61FD51-6FF1-4F2B-8C07-061DC1C226E1}"
EndProject
Global
	GlobalSection(SolutionConfigurationPlatforms) = preSolution
		Debug|Any CPU = Debug|Any CPU
		Release|Any CPU = Release|Any CPU
	EndGlobalSection
	GlobalSection(ProjectConfigurationPlatforms) = postSolution
		{E0D930A4-1C83-42EB-AE86-CA1449E83318}.Debug|Any CPU.ActiveCfg = Debug|Any CPU
		{E0D930A4-1C83-42EB-AE86-CA1449E83318}.Debug|Any CPU.Build.0 = Debug|Any CPU
		{E0D930A4-1C83-42EB-AE86-CA1449E83318}.Release|Any CPU.ActiveCfg = Release|Any CPU
		{E0D930A4-1C83-42EB-AE86-CA1449E83318}.Release|Any CPU.Build.0 = Release|Any CPU
		{A25E8E0A-032A-46A0-929A-BD06BBDF5385}.Debug|Any CPU.ActiveCfg = Debug|Any CPU
		{A25E8E0A-032A-46A0-929A-BD06BBDF5385}.Debug|Any CPU.Build.0 = Debug|Any CPU
		{A25E8E0A-032A-46A0-929A-BD06BBDF5385}.Release|Any CPU.ActiveCfg = Release|Any CPU
		{A25E8E0A-032A-46A0-929A-BD06BBDF5385}.Release|Any CPU.Build.0 = Release|Any CPU
		{A80CEB0F-048E-4AF7-BB51-7A62633EFE55}.Debug|Any CPU.ActiveCfg = Debug|Any CPU
		{A80CEB0F-048E-4AF7-BB51-7A62633EFE55}.Debug|Any CPU.Build.0 = Debug|Any CPU
		{A80CEB0F-048E-4AF7-BB51-7A62633EFE55}.Release|Any CPU.ActiveCfg = Release|Any CPU
		{A80CEB0F-048E-4AF7-BB51-7A62633EFE55}.Release|Any CPU.Build.0 = Release|Any CPU
		{BD61FD51-6FF1-4F2B-8C07-061DC1C226E1}.Debug|Any CPU.ActiveCfg = Debug|Any CPU
		{BD61FD51-6FF1-4F2B-8C07-061DC1C226E1}.Debug|Any CPU.Build.0 = Debug|Any CPU
		{BD61FD51-6FF1-4F2B-8C07-061DC1C226E1}.Release|Any CPU.ActiveCfg = Release|Any CPU
		{BD61FD51-6FF1-4F2B-8C07-061DC1C226E1}.Release|Any CPU.Build.0 = Release|Any CPU
	EndGlobalSection
	GlobalSection(SolutionProperties) = preSolution
		HideSolutionNode = FALSE
	EndGlobalSection
EndGlobal
